
Microsoft Visual Studio Solution File, Format Version 12.00
Project("{FAE04EC0-301F-11D3-BF4B-00C04F79EFBC}") = "UI", "UI\UI.csproj", "{11A31CC0-D80F-4ABF-88D9-EDF9F30B482A}"
	ProjectSection(ProjectDependencies) = postProject
		{2185541E-6C2E-4570-AEDB-70ABD7B6E4B7} = {2185541E-6C2E-4570-AEDB-70ABD7B6E4B7}
		{D45B449E-1E1B-4E88-9BC6-9308A30B5FBE} = {D45B449E-1E1B-4E88-9BC6-9308A30B5FBE}
	EndProjectSection
EndProject
Project("{FAE04EC0-301F-11D3-BF4B-00C04F79EFBC}") = "Services", "Services\Services.csproj", "{2185541E-6C2E-4570-AEDB-70ABD7B6E4B7}"
EndProject
Global
	GlobalSection(SolutionConfigurationPlatforms) = preSolution
		Debug|Any CPU = Debug|Any CPU
		Release|Any CPU = Release|Any CPU
	EndGlobalSection
	GlobalSection(ProjectConfigurationPlatforms) = postSolution
		{11A31CC0-D80F-4ABF-88D9-EDF9F30B482A}.Debug|Any CPU.ActiveCfg = Debug|Any CPU
		{11A31CC0-D80F-4ABF-88D9-EDF9F30B482A}.Debug|Any CPU.Build.0 = Debug|Any CPU
		{11A31CC0-D80F-4ABF-88D9-EDF9F30B482A}.Release|Any CPU.ActiveCfg = Release|Any CPU
		{11A31CC0-D80F-4ABF-88D9-EDF9F30B482A}.Release|Any CPU.Build.0 = Release|Any CPU
		{2185541E-6C2E-4570-AEDB-70ABD7B6E4B7}.Debug|Any CPU.ActiveCfg = Debug|Any CPU
		{2185541E-6C2E-4570-AEDB-70ABD7B6E4B7}.Debug|Any CPU.Build.0 = Debug|Any CPU
		{2185541E-6C2E-4570-AEDB-70ABD7B6E4B7}.Release|Any CPU.ActiveCfg = Release|Any CPU
		{2185541E-6C2E-4570-AEDB-70ABD7B6E4B7}.Release|Any CPU.Build.0 = Release|Any CPU
	EndGlobalSection
EndGlobal
