
Microsoft Visual Studio Solution File, Format Version 12.00
Project("{FAE04EC0-301F-11D3-BF4B-00C04F79EFBC}") = "ThromboMapUI", "ThromboMapUI\ThromboMapUI.csproj", "{11A31CC0-D80F-4ABF-88D9-EDF9F30B482A}"
EndProject
Global
	GlobalSection(SolutionConfigurationPlatforms) = preSolution
		Debug|Any CPU = Debug|Any CPU
		Release|Any CPU = Release|Any CPU
	EndGlobalSection
	GlobalSection(ProjectConfigurationPlatforms) = postSolution
		{11A31CC0-D80F-4ABF-88D9-EDF9F30B482A}.Debug|Any CPU.ActiveCfg = Debug|Any CPU
		{11A31CC0-D80F-4ABF-88D9-EDF9F30B482A}.Debug|Any CPU.Build.0 = Debug|Any CPU
		{11A31CC0-D80F-4ABF-88D9-EDF9F30B482A}.Release|Any CPU.ActiveCfg = Release|Any CPU
		{11A31CC0-D80F-4ABF-88D9-EDF9F30B482A}.Release|Any CPU.Build.0 = Release|Any CPU
	EndGlobalSection
EndGlobal
